
Microsoft Visual Studio Solution File, Format Version 12.00
# Visual Studio 15
Project("{FAE04EC0-301F-11D3-BF4B-00C04F79EFBC}") = "UnityEngine.UI", "UnityEngine.UI.csproj", "{B21D652A-8838-6B89-8E42-245F5C14CF0E}"
EndProject
Project("{FAE04EC0-301F-11D3-BF4B-00C04F79EFBC}") = "Unity.RenderPipelines.Core.Runtime", "Unity.RenderPipelines.Core.Runtime.csproj", "{5BD23F56-7553-E62C-46F5-BFD418B6383D}"
EndProject
Project("{FAE04EC0-301F-11D3-BF4B-00C04F79EFBC}") = "Unity.RenderPipelines.HighDefinition.Runtime", "Unity.RenderPipelines.HighDefinition.Runtime.csproj", "{031719EC-8CE8-6735-047E-3331BC9AB3F4}"
EndProject
Project("{FAE04EC0-301F-11D3-BF4B-00C04F79EFBC}") = "Unity.Services.Core.Telemetry", "Unity.Services.Core.Telemetry.csproj", "{091E2B04-5ADA-7B28-DC16-3B44C659A4E9}"
EndProject
Project("{FAE04EC0-301F-11D3-BF4B-00C04F79EFBC}") = "UnityEngine.TestRunner", "UnityEngine.TestRunner.csproj", "{864ACA20-D901-C294-B1F0-8E7964511855}"
EndProject
Project("{FAE04EC0-301F-11D3-BF4B-00C04F79EFBC}") = "Unity.VisualScripting.State", "Unity.VisualScripting.State.csproj", "{3D5529E5-BAD2-7B91-0ECB-64F5D5D68D77}"
EndProject
Project("{FAE04EC0-301F-11D3-BF4B-00C04F79EFBC}") = "glTFast", "glTFast.csproj", "{46C8EE63-F832-73F6-C32E-D6CA2E2C5C55}"
EndProject
Project("{FAE04EC0-301F-11D3-BF4B-00C04F79EFBC}") = "Unity.VisualScripting.Flow", "Unity.VisualScripting.Flow.csproj", "{1E0DB0DB-5B38-C90A-E35B-7E3700EC1AD7}"
EndProject
Project("{FAE04EC0-301F-11D3-BF4B-00C04F79EFBC}") = "Unity.VisualScripting.Core", "Unity.VisualScripting.Core.csproj", "{0412DFD0-1EDF-945D-A8FD-68A19E3F5513}"
EndProject
Project("{FAE04EC0-301F-11D3-BF4B-00C04F79EFBC}") = "Unity.Services.Core.Environments.Internal", "Unity.Services.Core.Environments.Internal.csproj", "{B774E45B-11F3-25B9-2CE9-E8F11DAD44FA}"
EndProject
Project("{FAE04EC0-301F-11D3-BF4B-00C04F79EFBC}") = "Unity.TextMeshPro", "Unity.TextMeshPro.csproj", "{1740FA40-7956-1783-1BC1-D5BCD5EB1F49}"
EndProject
Project("{FAE04EC0-301F-11D3-BF4B-00C04F79EFBC}") = "Unity.Burst", "Unity.Burst.csproj", "{6FAA0648-2071-C51D-9305-860B9BAFEBED}"
EndProject
Project("{FAE04EC0-301F-11D3-BF4B-00C04F79EFBC}") = "Unity.Services.Core.Environments", "Unity.Services.Core.Environments.csproj", "{F0681240-1629-757A-CE6A-D23E226ADDB3}"
EndProject
Project("{FAE04EC0-301F-11D3-BF4B-00C04F79EFBC}") = "Unity.Services.Core.Internal", "Unity.Services.Core.Internal.csproj", "{7FCEF09A-37EB-1024-5959-D68105000C35}"
EndProject
Project("{FAE04EC0-301F-11D3-BF4B-00C04F79EFBC}") = "Unity.Timeline", "Unity.Timeline.csproj", "{993111B0-4851-C882-6CE1-B0A00A9B7E31}"
EndProject
Project("{FAE04EC0-301F-11D3-BF4B-00C04F79EFBC}") = "Unity.Mathematics", "Unity.Mathematics.csproj", "{292A89DC-CE8A-C880-DFF1-689A7D54BD23}"
EndProject
Project("{FAE04EC0-301F-11D3-BF4B-00C04F79EFBC}") = "Unity.VisualEffectGraph.Runtime", "Unity.VisualEffectGraph.Runtime.csproj", "{0A1DB76E-877A-493E-0B90-F9007834ED52}"
EndProject
Project("{FAE04EC0-301F-11D3-BF4B-00C04F79EFBC}") = "Unity.Services.Core.Scheduler", "Unity.Services.Core.Scheduler.csproj", "{AE8899C4-39DB-4920-5EF8-B3F5BFF0C768}"
EndProject
Project("{FAE04EC0-301F-11D3-BF4B-00C04F79EFBC}") = "Assembly-CSharp", "Assembly-CSharp.csproj", "{8B60A80B-E385-B456-52D0-26D683C4F402}"
EndProject
Project("{FAE04EC0-301F-11D3-BF4B-00C04F79EFBC}") = "glTFast.Export", "glTFast.Export.csproj", "{A6F75707-D84E-B610-644C-5909A521A1CF}"
EndProject
Project("{FAE04EC0-301F-11D3-BF4B-00C04F79EFBC}") = "Unity.Services.Core.Device", "Unity.Services.Core.Device.csproj", "{05A9DCDB-55F8-D6D9-A749-006BFA0A01F9}"
EndProject
Project("{FAE04EC0-301F-11D3-BF4B-00C04F79EFBC}") = "Unity.Services.Core.Analytics", "Unity.Services.Core.Analytics.csproj", "{57948EBB-2421-AD2B-81E8-90787D307B7B}"
EndProject
Project("{FAE04EC0-301F-11D3-BF4B-00C04F79EFBC}") = "Unity.Services.Core.Configuration", "Unity.Services.Core.Configuration.csproj", "{9B04A5A9-00E0-9D19-A9E7-4EEA836A5A86}"
EndProject
Project("{FAE04EC0-301F-11D3-BF4B-00C04F79EFBC}") = "Unity.Services.Core.Threading", "Unity.Services.Core.Threading.csproj", "{E4D25819-3B41-CB7A-ADA3-FEBD08209442}"
EndProject
Project("{FAE04EC0-301F-11D3-BF4B-00C04F79EFBC}") = "Unity.Services.Core", "Unity.Services.Core.csproj", "{0B72102B-2C08-5774-C94F-B548221DC6F7}"
EndProject
Project("{FAE04EC0-301F-11D3-BF4B-00C04F79EFBC}") = "Unity.Services.Core.Networking", "Unity.Services.Core.Networking.csproj", "{C4F60FC3-7C19-7D1C-1D03-7AFCFC376DCE}"
EndProject
Project("{FAE04EC0-301F-11D3-BF4B-00C04F79EFBC}") = "glTFast.dots", "glTFast.dots.csproj", "{0B99E0B4-D054-F6C1-3499-DFB044E92C5C}"
EndProject
Project("{FAE04EC0-301F-11D3-BF4B-00C04F79EFBC}") = "Unity.Services.Core.Registration", "Unity.Services.Core.Registration.csproj", "{955D99FF-2549-8B4A-9DC2-87C53D765D60}"
EndProject
Project("{FAE04EC0-301F-11D3-BF4B-00C04F79EFBC}") = "Unity.RenderPipelines.ShaderGraph.ShaderGraphLibrary", "Unity.RenderPipelines.ShaderGraph.ShaderGraphLibrary.csproj", "{B4EEC06A-9E98-9CB4-6898-987DE7A687EF}"
EndProject
Project("{FAE04EC0-301F-11D3-BF4B-00C04F79EFBC}") = "Unity.RenderPipelines.Core.ShaderLibrary", "Unity.RenderPipelines.Core.ShaderLibrary.csproj", "{EFDD5F4B-8F8E-18F4-545F-C5B1DF4835FA}"
EndProject
Project("{FAE04EC0-301F-11D3-BF4B-00C04F79EFBC}") = "Unity.RenderPipelines.HighDefinition.Config.Runtime", "Unity.RenderPipelines.HighDefinition.Config.Runtime.csproj", "{D59B6B63-9C73-26E6-7916-F4A43DC54F09}"
EndProject
Project("{FAE04EC0-301F-11D3-BF4B-00C04F79EFBC}") = "Unity.PlasticSCM.Editor", "Unity.PlasticSCM.Editor.csproj", "{47D9F5C3-D5C0-501E-3E76-1EDA398BFC8C}"
EndProject
Project("{FAE04EC0-301F-11D3-BF4B-00C04F79EFBC}") = "Unity.VisualScripting.Core.Editor", "Unity.VisualScripting.Core.Editor.csproj", "{86377180-FAE6-999B-909E-5BB3AF84DB1F}"
EndProject
Project("{FAE04EC0-301F-11D3-BF4B-00C04F79EFBC}") = "Unity.ShaderGraph.Editor", "Unity.ShaderGraph.Editor.csproj", "{AD5C53C7-E74B-35BF-0341-AB1D7499E927}"
EndProject
Project("{FAE04EC0-301F-11D3-BF4B-00C04F79EFBC}") = "Unity.Timeline.Editor", "Unity.Timeline.Editor.csproj", "{BD5F0F65-19C7-974E-CDBA-C6627857742B}"
EndProject
Project("{FAE04EC0-301F-11D3-BF4B-00C04F79EFBC}") = "Unity.VisualEffectGraph.Editor", "Unity.VisualEffectGraph.Editor.csproj", "{AA5AA4F7-349B-B6C2-899D-095F6D66FBB0}"
EndProject
Project("{FAE04EC0-301F-11D3-BF4B-00C04F79EFBC}") = "Unity.TextMeshPro.Editor", "Unity.TextMeshPro.Editor.csproj", "{E7CA3A12-2F83-0473-FBD9-C710D8038E86}"
EndProject
Project("{FAE04EC0-301F-11D3-BF4B-00C04F79EFBC}") = "Unity.VisualScripting.SettingsProvider.Editor", "Unity.VisualScripting.SettingsProvider.Editor.csproj", "{BEFB5C25-6942-F30B-1FB3-7D4AD6743861}"
EndProject
Project("{FAE04EC0-301F-11D3-BF4B-00C04F79EFBC}") = "Unity.RenderPipelines.HighDefinition.Editor", "Unity.RenderPipelines.HighDefinition.Editor.csproj", "{99FF3D22-E42A-85DA-DF34-0C9813A5C04E}"
EndProject
Project("{FAE04EC0-301F-11D3-BF4B-00C04F79EFBC}") = "UnityEditor.TestRunner", "UnityEditor.TestRunner.csproj", "{B1E8E1EB-D7FE-496E-F62D-84F3E6554B26}"
EndProject
Project("{FAE04EC0-301F-11D3-BF4B-00C04F79EFBC}") = "Unity.TestTools.CodeCoverage.Editor", "Unity.TestTools.CodeCoverage.Editor.csproj", "{B8F803F4-AC2F-5C78-06EA-FAA45177999E}"
EndProject
Project("{FAE04EC0-301F-11D3-BF4B-00C04F79EFBC}") = "Unity.VisualScripting.Flow.Editor", "Unity.VisualScripting.Flow.Editor.csproj", "{E015DDA4-466E-88FA-6B4D-E4455C39CD74}"
EndProject
Project("{FAE04EC0-301F-11D3-BF4B-00C04F79EFBC}") = "Unity.Rider.Editor", "Unity.Rider.Editor.csproj", "{47FA4FC4-65B0-C258-77A7-C9CC3B6A9030}"
EndProject
Project("{FAE04EC0-301F-11D3-BF4B-00C04F79EFBC}") = "Unity.CollabProxy.Editor", "Unity.CollabProxy.Editor.csproj", "{8959A5F9-CE12-EA5D-06F8-6D1144C57578}"
EndProject
Project("{FAE04EC0-301F-11D3-BF4B-00C04F79EFBC}") = "Unity.Performance.Profile-Analyzer.Editor", "Unity.Performance.Profile-Analyzer.Editor.csproj", "{56EB9995-E24A-CA94-E98A-9B41FE87FE17}"
EndProject
Project("{FAE04EC0-301F-11D3-BF4B-00C04F79EFBC}") = "Unity.RenderPipelines.Core.Editor", "Unity.RenderPipelines.Core.Editor.csproj", "{B517125C-A18B-41D5-6CD8-170C1D5D2A19}"
EndProject
Project("{FAE04EC0-301F-11D3-BF4B-00C04F79EFBC}") = "Unity.Services.Core.Editor", "Unity.Services.Core.Editor.csproj", "{BF81492A-8D58-E1A5-2C5D-D1331B546F0C}"
EndProject
Project("{FAE04EC0-301F-11D3-BF4B-00C04F79EFBC}") = "Unity.Burst.CodeGen", "Unity.Burst.CodeGen.csproj", "{4A4D8681-78AF-B145-D64B-270B44380294}"
EndProject
Project("{FAE04EC0-301F-11D3-BF4B-00C04F79EFBC}") = "glTFast.Editor", "glTFast.Editor.csproj", "{7756B0FD-F359-2E06-E47B-107FFCE99394}"
EndProject
Project("{FAE04EC0-301F-11D3-BF4B-00C04F79EFBC}") = "Unity.VSCode.Editor", "Unity.VSCode.Editor.csproj", "{314E8C60-7EC0-5B68-DF13-5E50B1A5F1F3}"
EndProject
Project("{FAE04EC0-301F-11D3-BF4B-00C04F79EFBC}") = "Unity.VisualStudio.Editor", "Unity.VisualStudio.Editor.csproj", "{BFFA4010-2C15-2ABE-F83B-613B7E257EFB}"
EndProject
Project("{FAE04EC0-301F-11D3-BF4B-00C04F79EFBC}") = "Unity.TestTools.CodeCoverage.Editor.OpenCover.Model", "Unity.TestTools.CodeCoverage.Editor.OpenCover.Model.csproj", "{51B080C0-B5C0-2451-11DF-80C97A40BD44}"
EndProject
Project("{FAE04EC0-301F-11D3-BF4B-00C04F79EFBC}") = "Unity.Settings.Editor", "Unity.Settings.Editor.csproj", "{8F1D7357-17A4-9E3C-1118-DB3E63A2BC46}"
EndProject
Project("{FAE04EC0-301F-11D3-BF4B-00C04F79EFBC}") = "Unity.VisualScripting.State.Editor", "Unity.VisualScripting.State.Editor.csproj", "{EE5CEFEE-D9E2-DCE3-640C-D8CA5FD24BF0}"
EndProject
Project("{FAE04EC0-301F-11D3-BF4B-00C04F79EFBC}") = "UnityEditor.UI", "UnityEditor.UI.csproj", "{F9422216-DABA-E290-C389-76CC13EEC161}"
EndProject
Project("{FAE04EC0-301F-11D3-BF4B-00C04F79EFBC}") = "Unity.Searcher.Editor", "Unity.Searcher.Editor.csproj", "{864638DD-2BB4-95F6-283F-D9711E372530}"
EndProject
Project("{FAE04EC0-301F-11D3-BF4B-00C04F79EFBC}") = "Unity.Services.Core.Configuration.Editor", "Unity.Services.Core.Configuration.Editor.csproj", "{39A41C50-EB7B-A66A-1BEE-AD8E6965C10A}"
EndProject
Project("{FAE04EC0-301F-11D3-BF4B-00C04F79EFBC}") = "Unity.Burst.Editor", "Unity.Burst.Editor.csproj", "{9E9B7F63-E0B1-7573-61B8-EF005DD6C555}"
EndProject
Project("{FAE04EC0-301F-11D3-BF4B-00C04F79EFBC}") = "Assembly-CSharp-Editor", "Assembly-CSharp-Editor.csproj", "{A48F40AC-4279-682F-A7E5-D762CF2AF00A}"
EndProject
Project("{FAE04EC0-301F-11D3-BF4B-00C04F79EFBC}") = "Unity.ShaderGraph.Utilities", "Unity.ShaderGraph.Utilities.csproj", "{599554D9-7FC3-6162-B1E2-9F4F9DAC86F3}"
EndProject
Project("{FAE04EC0-301F-11D3-BF4B-00C04F79EFBC}") = "Unity.Mathematics.Editor", "Unity.Mathematics.Editor.csproj", "{AD7EC854-C3EE-E5E6-F4C1-1D8F84FE13F3}"
EndProject
Project("{FAE04EC0-301F-11D3-BF4B-00C04F79EFBC}") = "Unity.TestTools.CodeCoverage.Editor.OpenCover.Mono.Reflection", "Unity.TestTools.CodeCoverage.Editor.OpenCover.Mono.Reflection.csproj", "{E1CC4C32-BB70-9176-1226-E51BC4023DF3}"
EndProject
Project("{FAE04EC0-301F-11D3-BF4B-00C04F79EFBC}") = "Unity.EditorCoroutines.Editor", "Unity.EditorCoroutines.Editor.csproj", "{4D0F408D-2FE6-3523-674D-475052AB9342}"
EndProject
Project("{FAE04EC0-301F-11D3-BF4B-00C04F79EFBC}") = "Unity.VisualScripting.Shared.Editor", "Unity.VisualScripting.Shared.Editor.csproj", "{04F881E5-EE0D-5973-9399-14512697359D}"
EndProject
Project("{FAE04EC0-301F-11D3-BF4B-00C04F79EFBC}") = "UnityEngine.UI", "UnityEngine.UI.Player.csproj", "{5286B7F3-D37D-7175-E473-05C3A37CC1EB}"
EndProject
Project("{FAE04EC0-301F-11D3-BF4B-00C04F79EFBC}") = "Unity.RenderPipelines.Core.Runtime", "Unity.RenderPipelines.Core.Runtime.Player.csproj", "{616846B1-EED6-C430-D38C-20506DBE5108}"
EndProject
Project("{FAE04EC0-301F-11D3-BF4B-00C04F79EFBC}") = "Unity.RenderPipelines.HighDefinition.Runtime", "Unity.RenderPipelines.HighDefinition.Runtime.Player.csproj", "{ADA66A97-E830-AD9B-9111-D25A14327178}"
EndProject
Project("{FAE04EC0-301F-11D3-BF4B-00C04F79EFBC}") = "Unity.Services.Core.Telemetry", "Unity.Services.Core.Telemetry.Player.csproj", "{399313A5-DFA1-52A1-AD64-3F6475576697}"
EndProject
Project("{FAE04EC0-301F-11D3-BF4B-00C04F79EFBC}") = "UnityEngine.TestRunner", "UnityEngine.TestRunner.Player.csproj", "{7701AB90-1E85-312D-A5F1-5046CD86BB48}"
EndProject
Project("{FAE04EC0-301F-11D3-BF4B-00C04F79EFBC}") = "Unity.VisualScripting.State", "Unity.VisualScripting.State.Player.csproj", "{499DEA63-D8B8-2996-FAF3-92F1D47BDDD7}"
EndProject
Project("{FAE04EC0-301F-11D3-BF4B-00C04F79EFBC}") = "glTFast", "glTFast.Player.csproj", "{21B6E3B6-F31A-B2A3-23FF-E1D6EAA5E907}"
EndProject
Project("{FAE04EC0-301F-11D3-BF4B-00C04F79EFBC}") = "Unity.VisualScripting.Flow", "Unity.VisualScripting.Flow.Player.csproj", "{FF259943-C281-9B88-BF4E-28CC02F1949D}"
EndProject
Project("{FAE04EC0-301F-11D3-BF4B-00C04F79EFBC}") = "Unity.VisualScripting.Core", "Unity.VisualScripting.Core.Player.csproj", "{ED8CD8F2-7795-9A93-066E-5347F6593F78}"
EndProject
Project("{FAE04EC0-301F-11D3-BF4B-00C04F79EFBC}") = "Unity.Services.Core.Environments.Internal", "Unity.Services.Core.Environments.Internal.Player.csproj", "{D8926CEA-76CA-37D2-D393-D9998731E775}"
EndProject
Project("{FAE04EC0-301F-11D3-BF4B-00C04F79EFBC}") = "Unity.TextMeshPro", "Unity.TextMeshPro.Player.csproj", "{CB846A93-F12A-67A0-B0E8-B6438B328C2F}"
EndProject
Project("{FAE04EC0-301F-11D3-BF4B-00C04F79EFBC}") = "Unity.Burst", "Unity.Burst.Player.csproj", "{59D6BFDF-6095-7A6F-413A-050F6D0A0718}"
EndProject
Project("{FAE04EC0-301F-11D3-BF4B-00C04F79EFBC}") = "Unity.Services.Core.Environments", "Unity.Services.Core.Environments.Player.csproj", "{DF3069E3-2135-F99A-FF7D-5B0E31F066FB}"
EndProject
Project("{FAE04EC0-301F-11D3-BF4B-00C04F79EFBC}") = "Unity.Services.Core.Internal", "Unity.Services.Core.Internal.Player.csproj", "{81B57445-3B6A-EF70-1A0C-06C0C51922CE}"
EndProject
Project("{FAE04EC0-301F-11D3-BF4B-00C04F79EFBC}") = "Unity.Timeline", "Unity.Timeline.Player.csproj", "{AB80C6C9-9BF6-AB20-134F-FEB98DC8BCF1}"
EndProject
Project("{FAE04EC0-301F-11D3-BF4B-00C04F79EFBC}") = "Unity.Mathematics", "Unity.Mathematics.Player.csproj", "{758E568A-5DD8-8891-EF6D-21C3E2DE197C}"
EndProject
Project("{FAE04EC0-301F-11D3-BF4B-00C04F79EFBC}") = "Unity.VisualEffectGraph.Runtime", "Unity.VisualEffectGraph.Runtime.Player.csproj", "{CBA58E87-2302-2BF1-836A-502C317FEB0E}"
EndProject
Project("{FAE04EC0-301F-11D3-BF4B-00C04F79EFBC}") = "Unity.Services.Core.Scheduler", "Unity.Services.Core.Scheduler.Player.csproj", "{A869BA7E-54A7-E708-B161-1CBC4BB823EE}"
EndProject
Project("{FAE04EC0-301F-11D3-BF4B-00C04F79EFBC}") = "Assembly-CSharp", "Assembly-CSharp.Player.csproj", "{6A3342BE-DC2C-902A-61CB-29D2285ECB83}"
EndProject
Project("{FAE04EC0-301F-11D3-BF4B-00C04F79EFBC}") = "glTFast.Export", "glTFast.Export.Player.csproj", "{4A1BCF3B-665D-7A0F-33F1-1BA7A0AF1A4E}"
EndProject
Project("{FAE04EC0-301F-11D3-BF4B-00C04F79EFBC}") = "Unity.Services.Core.Device", "Unity.Services.Core.Device.Player.csproj", "{AD982F42-885B-CD22-2EB3-4531C25ADB7E}"
EndProject
Project("{FAE04EC0-301F-11D3-BF4B-00C04F79EFBC}") = "Unity.Services.Core.Analytics", "Unity.Services.Core.Analytics.Player.csproj", "{114F1D03-1C49-835A-47CF-1AA79480F3A3}"
EndProject
Project("{FAE04EC0-301F-11D3-BF4B-00C04F79EFBC}") = "Unity.Services.Core.Configuration", "Unity.Services.Core.Configuration.Player.csproj", "{AA6E04DB-2346-5C78-F70D-2801A24458FB}"
EndProject
Project("{FAE04EC0-301F-11D3-BF4B-00C04F79EFBC}") = "Unity.Services.Core.Threading", "Unity.Services.Core.Threading.Player.csproj", "{C59F4CD0-DD5C-A243-60BE-C998E89E08C5}"
EndProject
Project("{FAE04EC0-301F-11D3-BF4B-00C04F79EFBC}") = "Unity.Services.Core", "Unity.Services.Core.Player.csproj", "{5DA8E8E4-ACA4-12F6-467D-BFF3B762C14A}"
EndProject
Project("{FAE04EC0-301F-11D3-BF4B-00C04F79EFBC}") = "Unity.Services.Core.Networking", "Unity.Services.Core.Networking.Player.csproj", "{5BD4CC19-7375-9266-DCB5-1E81CC32F643}"
EndProject
Project("{FAE04EC0-301F-11D3-BF4B-00C04F79EFBC}") = "glTFast.dots", "glTFast.dots.Player.csproj", "{8300C7AA-6DAC-B9E6-ADD7-BD4B7662987B}"
EndProject
Project("{FAE04EC0-301F-11D3-BF4B-00C04F79EFBC}") = "Unity.Services.Core.Registration", "Unity.Services.Core.Registration.Player.csproj", "{8A53A51A-C52D-B3F1-0BD0-956F07530649}"
EndProject
Project("{FAE04EC0-301F-11D3-BF4B-00C04F79EFBC}") = "Unity.RenderPipelines.ShaderGraph.ShaderGraphLibrary", "Unity.RenderPipelines.ShaderGraph.ShaderGraphLibrary.Player.csproj", "{630DB2AF-5769-16EE-C75F-1F6BEB24589B}"
EndProject
Project("{FAE04EC0-301F-11D3-BF4B-00C04F79EFBC}") = "Unity.RenderPipelines.Core.ShaderLibrary", "Unity.RenderPipelines.Core.ShaderLibrary.Player.csproj", "{B9ADF2D8-096E-2DC6-A7EE-C5901EA24B01}"
EndProject
Project("{FAE04EC0-301F-11D3-BF4B-00C04F79EFBC}") = "Unity.RenderPipelines.HighDefinition.Config.Runtime", "Unity.RenderPipelines.HighDefinition.Config.Runtime.Player.csproj", "{685C2C35-8CDA-9FA2-0644-9B7B7811B48A}"
EndProject
Global
	GlobalSection(SolutionConfigurationPlatforms) = preSolution
		Debug|Any CPU = Debug|Any CPU
		Release|Any CPU = Release|Any CPU
	EndGlobalSection
	GlobalSection(ProjectConfigurationPlatforms) = postSolution
		{B21D652A-8838-6B89-8E42-245F5C14CF0E}.Debug|Any CPU.ActiveCfg = Debug|Any CPU
		{B21D652A-8838-6B89-8E42-245F5C14CF0E}.Debug|Any CPU.Build.0 = Debug|Any CPU
		{B21D652A-8838-6B89-8E42-245F5C14CF0E}.Release|Any CPU.ActiveCfg = Release|Any CPU
		{B21D652A-8838-6B89-8E42-245F5C14CF0E}.Release|Any CPU.Build.0 = Release|Any CPU
		{5BD23F56-7553-E62C-46F5-BFD418B6383D}.Debug|Any CPU.ActiveCfg = Debug|Any CPU
		{5BD23F56-7553-E62C-46F5-BFD418B6383D}.Debug|Any CPU.Build.0 = Debug|Any CPU
		{5BD23F56-7553-E62C-46F5-BFD418B6383D}.Release|Any CPU.ActiveCfg = Release|Any CPU
		{5BD23F56-7553-E62C-46F5-BFD418B6383D}.Release|Any CPU.Build.0 = Release|Any CPU
		{031719EC-8CE8-6735-047E-3331BC9AB3F4}.Debug|Any CPU.ActiveCfg = Debug|Any CPU
		{031719EC-8CE8-6735-047E-3331BC9AB3F4}.Debug|Any CPU.Build.0 = Debug|Any CPU
		{031719EC-8CE8-6735-047E-3331BC9AB3F4}.Release|Any CPU.ActiveCfg = Release|Any CPU
		{031719EC-8CE8-6735-047E-3331BC9AB3F4}.Release|Any CPU.Build.0 = Release|Any CPU
		{091E2B04-5ADA-7B28-DC16-3B44C659A4E9}.Debug|Any CPU.ActiveCfg = Debug|Any CPU
		{091E2B04-5ADA-7B28-DC16-3B44C659A4E9}.Debug|Any CPU.Build.0 = Debug|Any CPU
		{091E2B04-5ADA-7B28-DC16-3B44C659A4E9}.Release|Any CPU.ActiveCfg = Release|Any CPU
		{091E2B04-5ADA-7B28-DC16-3B44C659A4E9}.Release|Any CPU.Build.0 = Release|Any CPU
		{864ACA20-D901-C294-B1F0-8E7964511855}.Debug|Any CPU.ActiveCfg = Debug|Any CPU
		{864ACA20-D901-C294-B1F0-8E7964511855}.Debug|Any CPU.Build.0 = Debug|Any CPU
		{864ACA20-D901-C294-B1F0-8E7964511855}.Release|Any CPU.ActiveCfg = Release|Any CPU
		{864ACA20-D901-C294-B1F0-8E7964511855}.Release|Any CPU.Build.0 = Release|Any CPU
		{3D5529E5-BAD2-7B91-0ECB-64F5D5D68D77}.Debug|Any CPU.ActiveCfg = Debug|Any CPU
		{3D5529E5-BAD2-7B91-0ECB-64F5D5D68D77}.Debug|Any CPU.Build.0 = Debug|Any CPU
		{3D5529E5-BAD2-7B91-0ECB-64F5D5D68D77}.Release|Any CPU.ActiveCfg = Release|Any CPU
		{3D5529E5-BAD2-7B91-0ECB-64F5D5D68D77}.Release|Any CPU.Build.0 = Release|Any CPU
		{46C8EE63-F832-73F6-C32E-D6CA2E2C5C55}.Debug|Any CPU.ActiveCfg = Debug|Any CPU
		{46C8EE63-F832-73F6-C32E-D6CA2E2C5C55}.Debug|Any CPU.Build.0 = Debug|Any CPU
		{46C8EE63-F832-73F6-C32E-D6CA2E2C5C55}.Release|Any CPU.ActiveCfg = Release|Any CPU
		{46C8EE63-F832-73F6-C32E-D6CA2E2C5C55}.Release|Any CPU.Build.0 = Release|Any CPU
		{1E0DB0DB-5B38-C90A-E35B-7E3700EC1AD7}.Debug|Any CPU.ActiveCfg = Debug|Any CPU
		{1E0DB0DB-5B38-C90A-E35B-7E3700EC1AD7}.Debug|Any CPU.Build.0 = Debug|Any CPU
		{1E0DB0DB-5B38-C90A-E35B-7E3700EC1AD7}.Release|Any CPU.ActiveCfg = Release|Any CPU
		{1E0DB0DB-5B38-C90A-E35B-7E3700EC1AD7}.Release|Any CPU.Build.0 = Release|Any CPU
		{0412DFD0-1EDF-945D-A8FD-68A19E3F5513}.Debug|Any CPU.ActiveCfg = Debug|Any CPU
		{0412DFD0-1EDF-945D-A8FD-68A19E3F5513}.Debug|Any CPU.Build.0 = Debug|Any CPU
		{0412DFD0-1EDF-945D-A8FD-68A19E3F5513}.Release|Any CPU.ActiveCfg = Release|Any CPU
		{0412DFD0-1EDF-945D-A8FD-68A19E3F5513}.Release|Any CPU.Build.0 = Release|Any CPU
		{B774E45B-11F3-25B9-2CE9-E8F11DAD44FA}.Debug|Any CPU.ActiveCfg = Debug|Any CPU
		{B774E45B-11F3-25B9-2CE9-E8F11DAD44FA}.Debug|Any CPU.Build.0 = Debug|Any CPU
		{B774E45B-11F3-25B9-2CE9-E8F11DAD44FA}.Release|Any CPU.ActiveCfg = Release|Any CPU
		{B774E45B-11F3-25B9-2CE9-E8F11DAD44FA}.Release|Any CPU.Build.0 = Release|Any CPU
		{1740FA40-7956-1783-1BC1-D5BCD5EB1F49}.Debug|Any CPU.ActiveCfg = Debug|Any CPU
		{1740FA40-7956-1783-1BC1-D5BCD5EB1F49}.Debug|Any CPU.Build.0 = Debug|Any CPU
		{1740FA40-7956-1783-1BC1-D5BCD5EB1F49}.Release|Any CPU.ActiveCfg = Release|Any CPU
		{1740FA40-7956-1783-1BC1-D5BCD5EB1F49}.Release|Any CPU.Build.0 = Release|Any CPU
		{6FAA0648-2071-C51D-9305-860B9BAFEBED}.Debug|Any CPU.ActiveCfg = Debug|Any CPU
		{6FAA0648-2071-C51D-9305-860B9BAFEBED}.Debug|Any CPU.Build.0 = Debug|Any CPU
		{6FAA0648-2071-C51D-9305-860B9BAFEBED}.Release|Any CPU.ActiveCfg = Release|Any CPU
		{6FAA0648-2071-C51D-9305-860B9BAFEBED}.Release|Any CPU.Build.0 = Release|Any CPU
		{F0681240-1629-757A-CE6A-D23E226ADDB3}.Debug|Any CPU.ActiveCfg = Debug|Any CPU
		{F0681240-1629-757A-CE6A-D23E226ADDB3}.Debug|Any CPU.Build.0 = Debug|Any CPU
		{F0681240-1629-757A-CE6A-D23E226ADDB3}.Release|Any CPU.ActiveCfg = Release|Any CPU
		{F0681240-1629-757A-CE6A-D23E226ADDB3}.Release|Any CPU.Build.0 = Release|Any CPU
		{7FCEF09A-37EB-1024-5959-D68105000C35}.Debug|Any CPU.ActiveCfg = Debug|Any CPU
		{7FCEF09A-37EB-1024-5959-D68105000C35}.Debug|Any CPU.Build.0 = Debug|Any CPU
		{7FCEF09A-37EB-1024-5959-D68105000C35}.Release|Any CPU.ActiveCfg = Release|Any CPU
		{7FCEF09A-37EB-1024-5959-D68105000C35}.Release|Any CPU.Build.0 = Release|Any CPU
		{993111B0-4851-C882-6CE1-B0A00A9B7E31}.Debug|Any CPU.ActiveCfg = Debug|Any CPU
		{993111B0-4851-C882-6CE1-B0A00A9B7E31}.Debug|Any CPU.Build.0 = Debug|Any CPU
		{993111B0-4851-C882-6CE1-B0A00A9B7E31}.Release|Any CPU.ActiveCfg = Release|Any CPU
		{993111B0-4851-C882-6CE1-B0A00A9B7E31}.Release|Any CPU.Build.0 = Release|Any CPU
		{292A89DC-CE8A-C880-DFF1-689A7D54BD23}.Debug|Any CPU.ActiveCfg = Debug|Any CPU
		{292A89DC-CE8A-C880-DFF1-689A7D54BD23}.Debug|Any CPU.Build.0 = Debug|Any CPU
		{292A89DC-CE8A-C880-DFF1-689A7D54BD23}.Release|Any CPU.ActiveCfg = Release|Any CPU
		{292A89DC-CE8A-C880-DFF1-689A7D54BD23}.Release|Any CPU.Build.0 = Release|Any CPU
		{0A1DB76E-877A-493E-0B90-F9007834ED52}.Debug|Any CPU.ActiveCfg = Debug|Any CPU
		{0A1DB76E-877A-493E-0B90-F9007834ED52}.Debug|Any CPU.Build.0 = Debug|Any CPU
		{0A1DB76E-877A-493E-0B90-F9007834ED52}.Release|Any CPU.ActiveCfg = Release|Any CPU
		{0A1DB76E-877A-493E-0B90-F9007834ED52}.Release|Any CPU.Build.0 = Release|Any CPU
		{AE8899C4-39DB-4920-5EF8-B3F5BFF0C768}.Debug|Any CPU.ActiveCfg = Debug|Any CPU
		{AE8899C4-39DB-4920-5EF8-B3F5BFF0C768}.Debug|Any CPU.Build.0 = Debug|Any CPU
		{AE8899C4-39DB-4920-5EF8-B3F5BFF0C768}.Release|Any CPU.ActiveCfg = Release|Any CPU
		{AE8899C4-39DB-4920-5EF8-B3F5BFF0C768}.Release|Any CPU.Build.0 = Release|Any CPU
		{8B60A80B-E385-B456-52D0-26D683C4F402}.Debug|Any CPU.ActiveCfg = Debug|Any CPU
		{8B60A80B-E385-B456-52D0-26D683C4F402}.Debug|Any CPU.Build.0 = Debug|Any CPU
		{8B60A80B-E385-B456-52D0-26D683C4F402}.Release|Any CPU.ActiveCfg = Release|Any CPU
		{8B60A80B-E385-B456-52D0-26D683C4F402}.Release|Any CPU.Build.0 = Release|Any CPU
		{A6F75707-D84E-B610-644C-5909A521A1CF}.Debug|Any CPU.ActiveCfg = Debug|Any CPU
		{A6F75707-D84E-B610-644C-5909A521A1CF}.Debug|Any CPU.Build.0 = Debug|Any CPU
		{A6F75707-D84E-B610-644C-5909A521A1CF}.Release|Any CPU.ActiveCfg = Release|Any CPU
		{A6F75707-D84E-B610-644C-5909A521A1CF}.Release|Any CPU.Build.0 = Release|Any CPU
		{05A9DCDB-55F8-D6D9-A749-006BFA0A01F9}.Debug|Any CPU.ActiveCfg = Debug|Any CPU
		{05A9DCDB-55F8-D6D9-A749-006BFA0A01F9}.Debug|Any CPU.Build.0 = Debug|Any CPU
		{05A9DCDB-55F8-D6D9-A749-006BFA0A01F9}.Release|Any CPU.ActiveCfg = Release|Any CPU
		{05A9DCDB-55F8-D6D9-A749-006BFA0A01F9}.Release|Any CPU.Build.0 = Release|Any CPU
		{57948EBB-2421-AD2B-81E8-90787D307B7B}.Debug|Any CPU.ActiveCfg = Debug|Any CPU
		{57948EBB-2421-AD2B-81E8-90787D307B7B}.Debug|Any CPU.Build.0 = Debug|Any CPU
		{57948EBB-2421-AD2B-81E8-90787D307B7B}.Release|Any CPU.ActiveCfg = Release|Any CPU
		{57948EBB-2421-AD2B-81E8-90787D307B7B}.Release|Any CPU.Build.0 = Release|Any CPU
		{9B04A5A9-00E0-9D19-A9E7-4EEA836A5A86}.Debug|Any CPU.ActiveCfg = Debug|Any CPU
		{9B04A5A9-00E0-9D19-A9E7-4EEA836A5A86}.Debug|Any CPU.Build.0 = Debug|Any CPU
		{9B04A5A9-00E0-9D19-A9E7-4EEA836A5A86}.Release|Any CPU.ActiveCfg = Release|Any CPU
		{9B04A5A9-00E0-9D19-A9E7-4EEA836A5A86}.Release|Any CPU.Build.0 = Release|Any CPU
		{E4D25819-3B41-CB7A-ADA3-FEBD08209442}.Debug|Any CPU.ActiveCfg = Debug|Any CPU
		{E4D25819-3B41-CB7A-ADA3-FEBD08209442}.Debug|Any CPU.Build.0 = Debug|Any CPU
		{E4D25819-3B41-CB7A-ADA3-FEBD08209442}.Release|Any CPU.ActiveCfg = Release|Any CPU
		{E4D25819-3B41-CB7A-ADA3-FEBD08209442}.Release|Any CPU.Build.0 = Release|Any CPU
		{0B72102B-2C08-5774-C94F-B548221DC6F7}.Debug|Any CPU.ActiveCfg = Debug|Any CPU
		{0B72102B-2C08-5774-C94F-B548221DC6F7}.Debug|Any CPU.Build.0 = Debug|Any CPU
		{0B72102B-2C08-5774-C94F-B548221DC6F7}.Release|Any CPU.ActiveCfg = Release|Any CPU
		{0B72102B-2C08-5774-C94F-B548221DC6F7}.Release|Any CPU.Build.0 = Release|Any CPU
		{C4F60FC3-7C19-7D1C-1D03-7AFCFC376DCE}.Debug|Any CPU.ActiveCfg = Debug|Any CPU
		{C4F60FC3-7C19-7D1C-1D03-7AFCFC376DCE}.Debug|Any CPU.Build.0 = Debug|Any CPU
		{C4F60FC3-7C19-7D1C-1D03-7AFCFC376DCE}.Release|Any CPU.ActiveCfg = Release|Any CPU
		{C4F60FC3-7C19-7D1C-1D03-7AFCFC376DCE}.Release|Any CPU.Build.0 = Release|Any CPU
		{0B99E0B4-D054-F6C1-3499-DFB044E92C5C}.Debug|Any CPU.ActiveCfg = Debug|Any CPU
		{0B99E0B4-D054-F6C1-3499-DFB044E92C5C}.Debug|Any CPU.Build.0 = Debug|Any CPU
		{0B99E0B4-D054-F6C1-3499-DFB044E92C5C}.Release|Any CPU.ActiveCfg = Release|Any CPU
		{0B99E0B4-D054-F6C1-3499-DFB044E92C5C}.Release|Any CPU.Build.0 = Release|Any CPU
		{955D99FF-2549-8B4A-9DC2-87C53D765D60}.Debug|Any CPU.ActiveCfg = Debug|Any CPU
		{955D99FF-2549-8B4A-9DC2-87C53D765D60}.Debug|Any CPU.Build.0 = Debug|Any CPU
		{955D99FF-2549-8B4A-9DC2-87C53D765D60}.Release|Any CPU.ActiveCfg = Release|Any CPU
		{955D99FF-2549-8B4A-9DC2-87C53D765D60}.Release|Any CPU.Build.0 = Release|Any CPU
		{B4EEC06A-9E98-9CB4-6898-987DE7A687EF}.Debug|Any CPU.ActiveCfg = Debug|Any CPU
		{B4EEC06A-9E98-9CB4-6898-987DE7A687EF}.Debug|Any CPU.Build.0 = Debug|Any CPU
		{B4EEC06A-9E98-9CB4-6898-987DE7A687EF}.Release|Any CPU.ActiveCfg = Release|Any CPU
		{B4EEC06A-9E98-9CB4-6898-987DE7A687EF}.Release|Any CPU.Build.0 = Release|Any CPU
		{EFDD5F4B-8F8E-18F4-545F-C5B1DF4835FA}.Debug|Any CPU.ActiveCfg = Debug|Any CPU
		{EFDD5F4B-8F8E-18F4-545F-C5B1DF4835FA}.Debug|Any CPU.Build.0 = Debug|Any CPU
		{EFDD5F4B-8F8E-18F4-545F-C5B1DF4835FA}.Release|Any CPU.ActiveCfg = Release|Any CPU
		{EFDD5F4B-8F8E-18F4-545F-C5B1DF4835FA}.Release|Any CPU.Build.0 = Release|Any CPU
		{D59B6B63-9C73-26E6-7916-F4A43DC54F09}.Debug|Any CPU.ActiveCfg = Debug|Any CPU
		{D59B6B63-9C73-26E6-7916-F4A43DC54F09}.Debug|Any CPU.Build.0 = Debug|Any CPU
		{D59B6B63-9C73-26E6-7916-F4A43DC54F09}.Release|Any CPU.ActiveCfg = Release|Any CPU
		{D59B6B63-9C73-26E6-7916-F4A43DC54F09}.Release|Any CPU.Build.0 = Release|Any CPU
		{47D9F5C3-D5C0-501E-3E76-1EDA398BFC8C}.Debug|Any CPU.ActiveCfg = Debug|Any CPU
		{47D9F5C3-D5C0-501E-3E76-1EDA398BFC8C}.Debug|Any CPU.Build.0 = Debug|Any CPU
		{47D9F5C3-D5C0-501E-3E76-1EDA398BFC8C}.Release|Any CPU.ActiveCfg = Release|Any CPU
		{47D9F5C3-D5C0-501E-3E76-1EDA398BFC8C}.Release|Any CPU.Build.0 = Release|Any CPU
		{86377180-FAE6-999B-909E-5BB3AF84DB1F}.Debug|Any CPU.ActiveCfg = Debug|Any CPU
		{86377180-FAE6-999B-909E-5BB3AF84DB1F}.Debug|Any CPU.Build.0 = Debug|Any CPU
		{86377180-FAE6-999B-909E-5BB3AF84DB1F}.Release|Any CPU.ActiveCfg = Release|Any CPU
		{86377180-FAE6-999B-909E-5BB3AF84DB1F}.Release|Any CPU.Build.0 = Release|Any CPU
		{AD5C53C7-E74B-35BF-0341-AB1D7499E927}.Debug|Any CPU.ActiveCfg = Debug|Any CPU
		{AD5C53C7-E74B-35BF-0341-AB1D7499E927}.Debug|Any CPU.Build.0 = Debug|Any CPU
		{AD5C53C7-E74B-35BF-0341-AB1D7499E927}.Release|Any CPU.ActiveCfg = Release|Any CPU
		{AD5C53C7-E74B-35BF-0341-AB1D7499E927}.Release|Any CPU.Build.0 = Release|Any CPU
		{BD5F0F65-19C7-974E-CDBA-C6627857742B}.Debug|Any CPU.ActiveCfg = Debug|Any CPU
		{BD5F0F65-19C7-974E-CDBA-C6627857742B}.Debug|Any CPU.Build.0 = Debug|Any CPU
		{BD5F0F65-19C7-974E-CDBA-C6627857742B}.Release|Any CPU.ActiveCfg = Release|Any CPU
		{BD5F0F65-19C7-974E-CDBA-C6627857742B}.Release|Any CPU.Build.0 = Release|Any CPU
		{AA5AA4F7-349B-B6C2-899D-095F6D66FBB0}.Debug|Any CPU.ActiveCfg = Debug|Any CPU
		{AA5AA4F7-349B-B6C2-899D-095F6D66FBB0}.Debug|Any CPU.Build.0 = Debug|Any CPU
		{AA5AA4F7-349B-B6C2-899D-095F6D66FBB0}.Release|Any CPU.ActiveCfg = Release|Any CPU
		{AA5AA4F7-349B-B6C2-899D-095F6D66FBB0}.Release|Any CPU.Build.0 = Release|Any CPU
		{E7CA3A12-2F83-0473-FBD9-C710D8038E86}.Debug|Any CPU.ActiveCfg = Debug|Any CPU
		{E7CA3A12-2F83-0473-FBD9-C710D8038E86}.Debug|Any CPU.Build.0 = Debug|Any CPU
		{E7CA3A12-2F83-0473-FBD9-C710D8038E86}.Release|Any CPU.ActiveCfg = Release|Any CPU
		{E7CA3A12-2F83-0473-FBD9-C710D8038E86}.Release|Any CPU.Build.0 = Release|Any CPU
		{BEFB5C25-6942-F30B-1FB3-7D4AD6743861}.Debug|Any CPU.ActiveCfg = Debug|Any CPU
		{BEFB5C25-6942-F30B-1FB3-7D4AD6743861}.Debug|Any CPU.Build.0 = Debug|Any CPU
		{BEFB5C25-6942-F30B-1FB3-7D4AD6743861}.Release|Any CPU.ActiveCfg = Release|Any CPU
		{BEFB5C25-6942-F30B-1FB3-7D4AD6743861}.Release|Any CPU.Build.0 = Release|Any CPU
		{99FF3D22-E42A-85DA-DF34-0C9813A5C04E}.Debug|Any CPU.ActiveCfg = Debug|Any CPU
		{99FF3D22-E42A-85DA-DF34-0C9813A5C04E}.Debug|Any CPU.Build.0 = Debug|Any CPU
		{99FF3D22-E42A-85DA-DF34-0C9813A5C04E}.Release|Any CPU.ActiveCfg = Release|Any CPU
		{99FF3D22-E42A-85DA-DF34-0C9813A5C04E}.Release|Any CPU.Build.0 = Release|Any CPU
		{B1E8E1EB-D7FE-496E-F62D-84F3E6554B26}.Debug|Any CPU.ActiveCfg = Debug|Any CPU
		{B1E8E1EB-D7FE-496E-F62D-84F3E6554B26}.Debug|Any CPU.Build.0 = Debug|Any CPU
		{B1E8E1EB-D7FE-496E-F62D-84F3E6554B26}.Release|Any CPU.ActiveCfg = Release|Any CPU
		{B1E8E1EB-D7FE-496E-F62D-84F3E6554B26}.Release|Any CPU.Build.0 = Release|Any CPU
		{B8F803F4-AC2F-5C78-06EA-FAA45177999E}.Debug|Any CPU.ActiveCfg = Debug|Any CPU
		{B8F803F4-AC2F-5C78-06EA-FAA45177999E}.Debug|Any CPU.Build.0 = Debug|Any CPU
		{B8F803F4-AC2F-5C78-06EA-FAA45177999E}.Release|Any CPU.ActiveCfg = Release|Any CPU
		{B8F803F4-AC2F-5C78-06EA-FAA45177999E}.Release|Any CPU.Build.0 = Release|Any CPU
		{E015DDA4-466E-88FA-6B4D-E4455C39CD74}.Debug|Any CPU.ActiveCfg = Debug|Any CPU
		{E015DDA4-466E-88FA-6B4D-E4455C39CD74}.Debug|Any CPU.Build.0 = Debug|Any CPU
		{E015DDA4-466E-88FA-6B4D-E4455C39CD74}.Release|Any CPU.ActiveCfg = Release|Any CPU
		{E015DDA4-466E-88FA-6B4D-E4455C39CD74}.Release|Any CPU.Build.0 = Release|Any CPU
		{47FA4FC4-65B0-C258-77A7-C9CC3B6A9030}.Debug|Any CPU.ActiveCfg = Debug|Any CPU
		{47FA4FC4-65B0-C258-77A7-C9CC3B6A9030}.Debug|Any CPU.Build.0 = Debug|Any CPU
		{47FA4FC4-65B0-C258-77A7-C9CC3B6A9030}.Release|Any CPU.ActiveCfg = Release|Any CPU
		{47FA4FC4-65B0-C258-77A7-C9CC3B6A9030}.Release|Any CPU.Build.0 = Release|Any CPU
		{8959A5F9-CE12-EA5D-06F8-6D1144C57578}.Debug|Any CPU.ActiveCfg = Debug|Any CPU
		{8959A5F9-CE12-EA5D-06F8-6D1144C57578}.Debug|Any CPU.Build.0 = Debug|Any CPU
		{8959A5F9-CE12-EA5D-06F8-6D1144C57578}.Release|Any CPU.ActiveCfg = Release|Any CPU
		{8959A5F9-CE12-EA5D-06F8-6D1144C57578}.Release|Any CPU.Build.0 = Release|Any CPU
		{56EB9995-E24A-CA94-E98A-9B41FE87FE17}.Debug|Any CPU.ActiveCfg = Debug|Any CPU
		{56EB9995-E24A-CA94-E98A-9B41FE87FE17}.Debug|Any CPU.Build.0 = Debug|Any CPU
		{56EB9995-E24A-CA94-E98A-9B41FE87FE17}.Release|Any CPU.ActiveCfg = Release|Any CPU
		{56EB9995-E24A-CA94-E98A-9B41FE87FE17}.Release|Any CPU.Build.0 = Release|Any CPU
		{B517125C-A18B-41D5-6CD8-170C1D5D2A19}.Debug|Any CPU.ActiveCfg = Debug|Any CPU
		{B517125C-A18B-41D5-6CD8-170C1D5D2A19}.Debug|Any CPU.Build.0 = Debug|Any CPU
		{B517125C-A18B-41D5-6CD8-170C1D5D2A19}.Release|Any CPU.ActiveCfg = Release|Any CPU
		{B517125C-A18B-41D5-6CD8-170C1D5D2A19}.Release|Any CPU.Build.0 = Release|Any CPU
		{BF81492A-8D58-E1A5-2C5D-D1331B546F0C}.Debug|Any CPU.ActiveCfg = Debug|Any CPU
		{BF81492A-8D58-E1A5-2C5D-D1331B546F0C}.Debug|Any CPU.Build.0 = Debug|Any CPU
		{BF81492A-8D58-E1A5-2C5D-D1331B546F0C}.Release|Any CPU.ActiveCfg = Release|Any CPU
		{BF81492A-8D58-E1A5-2C5D-D1331B546F0C}.Release|Any CPU.Build.0 = Release|Any CPU
		{4A4D8681-78AF-B145-D64B-270B44380294}.Debug|Any CPU.ActiveCfg = Debug|Any CPU
		{4A4D8681-78AF-B145-D64B-270B44380294}.Debug|Any CPU.Build.0 = Debug|Any CPU
		{4A4D8681-78AF-B145-D64B-270B44380294}.Release|Any CPU.ActiveCfg = Release|Any CPU
		{4A4D8681-78AF-B145-D64B-270B44380294}.Release|Any CPU.Build.0 = Release|Any CPU
		{7756B0FD-F359-2E06-E47B-107FFCE99394}.Debug|Any CPU.ActiveCfg = Debug|Any CPU
		{7756B0FD-F359-2E06-E47B-107FFCE99394}.Debug|Any CPU.Build.0 = Debug|Any CPU
		{7756B0FD-F359-2E06-E47B-107FFCE99394}.Release|Any CPU.ActiveCfg = Release|Any CPU
		{7756B0FD-F359-2E06-E47B-107FFCE99394}.Release|Any CPU.Build.0 = Release|Any CPU
		{314E8C60-7EC0-5B68-DF13-5E50B1A5F1F3}.Debug|Any CPU.ActiveCfg = Debug|Any CPU
		{314E8C60-7EC0-5B68-DF13-5E50B1A5F1F3}.Debug|Any CPU.Build.0 = Debug|Any CPU
		{314E8C60-7EC0-5B68-DF13-5E50B1A5F1F3}.Release|Any CPU.ActiveCfg = Release|Any CPU
		{314E8C60-7EC0-5B68-DF13-5E50B1A5F1F3}.Release|Any CPU.Build.0 = Release|Any CPU
		{BFFA4010-2C15-2ABE-F83B-613B7E257EFB}.Debug|Any CPU.ActiveCfg = Debug|Any CPU
		{BFFA4010-2C15-2ABE-F83B-613B7E257EFB}.Debug|Any CPU.Build.0 = Debug|Any CPU
		{BFFA4010-2C15-2ABE-F83B-613B7E257EFB}.Release|Any CPU.ActiveCfg = Release|Any CPU
		{BFFA4010-2C15-2ABE-F83B-613B7E257EFB}.Release|Any CPU.Build.0 = Release|Any CPU
		{51B080C0-B5C0-2451-11DF-80C97A40BD44}.Debug|Any CPU.ActiveCfg = Debug|Any CPU
		{51B080C0-B5C0-2451-11DF-80C97A40BD44}.Debug|Any CPU.Build.0 = Debug|Any CPU
		{51B080C0-B5C0-2451-11DF-80C97A40BD44}.Release|Any CPU.ActiveCfg = Release|Any CPU
		{51B080C0-B5C0-2451-11DF-80C97A40BD44}.Release|Any CPU.Build.0 = Release|Any CPU
		{8F1D7357-17A4-9E3C-1118-DB3E63A2BC46}.Debug|Any CPU.ActiveCfg = Debug|Any CPU
		{8F1D7357-17A4-9E3C-1118-DB3E63A2BC46}.Debug|Any CPU.Build.0 = Debug|Any CPU
		{8F1D7357-17A4-9E3C-1118-DB3E63A2BC46}.Release|Any CPU.ActiveCfg = Release|Any CPU
		{8F1D7357-17A4-9E3C-1118-DB3E63A2BC46}.Release|Any CPU.Build.0 = Release|Any CPU
		{EE5CEFEE-D9E2-DCE3-640C-D8CA5FD24BF0}.Debug|Any CPU.ActiveCfg = Debug|Any CPU
		{EE5CEFEE-D9E2-DCE3-640C-D8CA5FD24BF0}.Debug|Any CPU.Build.0 = Debug|Any CPU
		{EE5CEFEE-D9E2-DCE3-640C-D8CA5FD24BF0}.Release|Any CPU.ActiveCfg = Release|Any CPU
		{EE5CEFEE-D9E2-DCE3-640C-D8CA5FD24BF0}.Release|Any CPU.Build.0 = Release|Any CPU
		{F9422216-DABA-E290-C389-76CC13EEC161}.Debug|Any CPU.ActiveCfg = Debug|Any CPU
		{F9422216-DABA-E290-C389-76CC13EEC161}.Debug|Any CPU.Build.0 = Debug|Any CPU
		{F9422216-DABA-E290-C389-76CC13EEC161}.Release|Any CPU.ActiveCfg = Release|Any CPU
		{F9422216-DABA-E290-C389-76CC13EEC161}.Release|Any CPU.Build.0 = Release|Any CPU
		{864638DD-2BB4-95F6-283F-D9711E372530}.Debug|Any CPU.ActiveCfg = Debug|Any CPU
		{864638DD-2BB4-95F6-283F-D9711E372530}.Debug|Any CPU.Build.0 = Debug|Any CPU
		{864638DD-2BB4-95F6-283F-D9711E372530}.Release|Any CPU.ActiveCfg = Release|Any CPU
		{864638DD-2BB4-95F6-283F-D9711E372530}.Release|Any CPU.Build.0 = Release|Any CPU
		{39A41C50-EB7B-A66A-1BEE-AD8E6965C10A}.Debug|Any CPU.ActiveCfg = Debug|Any CPU
		{39A41C50-EB7B-A66A-1BEE-AD8E6965C10A}.Debug|Any CPU.Build.0 = Debug|Any CPU
		{39A41C50-EB7B-A66A-1BEE-AD8E6965C10A}.Release|Any CPU.ActiveCfg = Release|Any CPU
		{39A41C50-EB7B-A66A-1BEE-AD8E6965C10A}.Release|Any CPU.Build.0 = Release|Any CPU
		{9E9B7F63-E0B1-7573-61B8-EF005DD6C555}.Debug|Any CPU.ActiveCfg = Debug|Any CPU
		{9E9B7F63-E0B1-7573-61B8-EF005DD6C555}.Debug|Any CPU.Build.0 = Debug|Any CPU
		{9E9B7F63-E0B1-7573-61B8-EF005DD6C555}.Release|Any CPU.ActiveCfg = Release|Any CPU
		{9E9B7F63-E0B1-7573-61B8-EF005DD6C555}.Release|Any CPU.Build.0 = Release|Any CPU
		{A48F40AC-4279-682F-A7E5-D762CF2AF00A}.Debug|Any CPU.ActiveCfg = Debug|Any CPU
		{A48F40AC-4279-682F-A7E5-D762CF2AF00A}.Debug|Any CPU.Build.0 = Debug|Any CPU
		{A48F40AC-4279-682F-A7E5-D762CF2AF00A}.Release|Any CPU.ActiveCfg = Release|Any CPU
		{A48F40AC-4279-682F-A7E5-D762CF2AF00A}.Release|Any CPU.Build.0 = Release|Any CPU
		{599554D9-7FC3-6162-B1E2-9F4F9DAC86F3}.Debug|Any CPU.ActiveCfg = Debug|Any CPU
		{599554D9-7FC3-6162-B1E2-9F4F9DAC86F3}.Debug|Any CPU.Build.0 = Debug|Any CPU
		{599554D9-7FC3-6162-B1E2-9F4F9DAC86F3}.Release|Any CPU.ActiveCfg = Release|Any CPU
		{599554D9-7FC3-6162-B1E2-9F4F9DAC86F3}.Release|Any CPU.Build.0 = Release|Any CPU
		{AD7EC854-C3EE-E5E6-F4C1-1D8F84FE13F3}.Debug|Any CPU.ActiveCfg = Debug|Any CPU
		{AD7EC854-C3EE-E5E6-F4C1-1D8F84FE13F3}.Debug|Any CPU.Build.0 = Debug|Any CPU
		{AD7EC854-C3EE-E5E6-F4C1-1D8F84FE13F3}.Release|Any CPU.ActiveCfg = Release|Any CPU
		{AD7EC854-C3EE-E5E6-F4C1-1D8F84FE13F3}.Release|Any CPU.Build.0 = Release|Any CPU
		{E1CC4C32-BB70-9176-1226-E51BC4023DF3}.Debug|Any CPU.ActiveCfg = Debug|Any CPU
		{E1CC4C32-BB70-9176-1226-E51BC4023DF3}.Debug|Any CPU.Build.0 = Debug|Any CPU
		{E1CC4C32-BB70-9176-1226-E51BC4023DF3}.Release|Any CPU.ActiveCfg = Release|Any CPU
		{E1CC4C32-BB70-9176-1226-E51BC4023DF3}.Release|Any CPU.Build.0 = Release|Any CPU
		{4D0F408D-2FE6-3523-674D-475052AB9342}.Debug|Any CPU.ActiveCfg = Debug|Any CPU
		{4D0F408D-2FE6-3523-674D-475052AB9342}.Debug|Any CPU.Build.0 = Debug|Any CPU
		{4D0F408D-2FE6-3523-674D-475052AB9342}.Release|Any CPU.ActiveCfg = Release|Any CPU
		{4D0F408D-2FE6-3523-674D-475052AB9342}.Release|Any CPU.Build.0 = Release|Any CPU
		{04F881E5-EE0D-5973-9399-14512697359D}.Debug|Any CPU.ActiveCfg = Debug|Any CPU
		{04F881E5-EE0D-5973-9399-14512697359D}.Debug|Any CPU.Build.0 = Debug|Any CPU
		{04F881E5-EE0D-5973-9399-14512697359D}.Release|Any CPU.ActiveCfg = Release|Any CPU
		{04F881E5-EE0D-5973-9399-14512697359D}.Release|Any CPU.Build.0 = Release|Any CPU
		{5286B7F3-D37D-7175-E473-05C3A37CC1EB}.Debug|Any CPU.ActiveCfg = Debug|Any CPU
		{5286B7F3-D37D-7175-E473-05C3A37CC1EB}.Debug|Any CPU.Build.0 = Debug|Any CPU
		{5286B7F3-D37D-7175-E473-05C3A37CC1EB}.Release|Any CPU.ActiveCfg = Release|Any CPU
		{5286B7F3-D37D-7175-E473-05C3A37CC1EB}.Release|Any CPU.Build.0 = Release|Any CPU
		{616846B1-EED6-C430-D38C-20506DBE5108}.Debug|Any CPU.ActiveCfg = Debug|Any CPU
		{616846B1-EED6-C430-D38C-20506DBE5108}.Debug|Any CPU.Build.0 = Debug|Any CPU
		{616846B1-EED6-C430-D38C-20506DBE5108}.Release|Any CPU.ActiveCfg = Release|Any CPU
		{616846B1-EED6-C430-D38C-20506DBE5108}.Release|Any CPU.Build.0 = Release|Any CPU
		{ADA66A97-E830-AD9B-9111-D25A14327178}.Debug|Any CPU.ActiveCfg = Debug|Any CPU
		{ADA66A97-E830-AD9B-9111-D25A14327178}.Debug|Any CPU.Build.0 = Debug|Any CPU
		{ADA66A97-E830-AD9B-9111-D25A14327178}.Release|Any CPU.ActiveCfg = Release|Any CPU
		{ADA66A97-E830-AD9B-9111-D25A14327178}.Release|Any CPU.Build.0 = Release|Any CPU
		{399313A5-DFA1-52A1-AD64-3F6475576697}.Debug|Any CPU.ActiveCfg = Debug|Any CPU
		{399313A5-DFA1-52A1-AD64-3F6475576697}.Debug|Any CPU.Build.0 = Debug|Any CPU
		{399313A5-DFA1-52A1-AD64-3F6475576697}.Release|Any CPU.ActiveCfg = Release|Any CPU
		{399313A5-DFA1-52A1-AD64-3F6475576697}.Release|Any CPU.Build.0 = Release|Any CPU
		{7701AB90-1E85-312D-A5F1-5046CD86BB48}.Debug|Any CPU.ActiveCfg = Debug|Any CPU
		{7701AB90-1E85-312D-A5F1-5046CD86BB48}.Debug|Any CPU.Build.0 = Debug|Any CPU
		{7701AB90-1E85-312D-A5F1-5046CD86BB48}.Release|Any CPU.ActiveCfg = Release|Any CPU
		{7701AB90-1E85-312D-A5F1-5046CD86BB48}.Release|Any CPU.Build.0 = Release|Any CPU
		{499DEA63-D8B8-2996-FAF3-92F1D47BDDD7}.Debug|Any CPU.ActiveCfg = Debug|Any CPU
		{499DEA63-D8B8-2996-FAF3-92F1D47BDDD7}.Debug|Any CPU.Build.0 = Debug|Any CPU
		{499DEA63-D8B8-2996-FAF3-92F1D47BDDD7}.Release|Any CPU.ActiveCfg = Release|Any CPU
		{499DEA63-D8B8-2996-FAF3-92F1D47BDDD7}.Release|Any CPU.Build.0 = Release|Any CPU
		{21B6E3B6-F31A-B2A3-23FF-E1D6EAA5E907}.Debug|Any CPU.ActiveCfg = Debug|Any CPU
		{21B6E3B6-F31A-B2A3-23FF-E1D6EAA5E907}.Debug|Any CPU.Build.0 = Debug|Any CPU
		{21B6E3B6-F31A-B2A3-23FF-E1D6EAA5E907}.Release|Any CPU.ActiveCfg = Release|Any CPU
		{21B6E3B6-F31A-B2A3-23FF-E1D6EAA5E907}.Release|Any CPU.Build.0 = Release|Any CPU
		{FF259943-C281-9B88-BF4E-28CC02F1949D}.Debug|Any CPU.ActiveCfg = Debug|Any CPU
		{FF259943-C281-9B88-BF4E-28CC02F1949D}.Debug|Any CPU.Build.0 = Debug|Any CPU
		{FF259943-C281-9B88-BF4E-28CC02F1949D}.Release|Any CPU.ActiveCfg = Release|Any CPU
		{FF259943-C281-9B88-BF4E-28CC02F1949D}.Release|Any CPU.Build.0 = Release|Any CPU
		{ED8CD8F2-7795-9A93-066E-5347F6593F78}.Debug|Any CPU.ActiveCfg = Debug|Any CPU
		{ED8CD8F2-7795-9A93-066E-5347F6593F78}.Debug|Any CPU.Build.0 = Debug|Any CPU
		{ED8CD8F2-7795-9A93-066E-5347F6593F78}.Release|Any CPU.ActiveCfg = Release|Any CPU
		{ED8CD8F2-7795-9A93-066E-5347F6593F78}.Release|Any CPU.Build.0 = Release|Any CPU
		{D8926CEA-76CA-37D2-D393-D9998731E775}.Debug|Any CPU.ActiveCfg = Debug|Any CPU
		{D8926CEA-76CA-37D2-D393-D9998731E775}.Debug|Any CPU.Build.0 = Debug|Any CPU
		{D8926CEA-76CA-37D2-D393-D9998731E775}.Release|Any CPU.ActiveCfg = Release|Any CPU
		{D8926CEA-76CA-37D2-D393-D9998731E775}.Release|Any CPU.Build.0 = Release|Any CPU
		{CB846A93-F12A-67A0-B0E8-B6438B328C2F}.Debug|Any CPU.ActiveCfg = Debug|Any CPU
		{CB846A93-F12A-67A0-B0E8-B6438B328C2F}.Debug|Any CPU.Build.0 = Debug|Any CPU
		{CB846A93-F12A-67A0-B0E8-B6438B328C2F}.Release|Any CPU.ActiveCfg = Release|Any CPU
		{CB846A93-F12A-67A0-B0E8-B6438B328C2F}.Release|Any CPU.Build.0 = Release|Any CPU
		{59D6BFDF-6095-7A6F-413A-050F6D0A0718}.Debug|Any CPU.ActiveCfg = Debug|Any CPU
		{59D6BFDF-6095-7A6F-413A-050F6D0A0718}.Debug|Any CPU.Build.0 = Debug|Any CPU
		{59D6BFDF-6095-7A6F-413A-050F6D0A0718}.Release|Any CPU.ActiveCfg = Release|Any CPU
		{59D6BFDF-6095-7A6F-413A-050F6D0A0718}.Release|Any CPU.Build.0 = Release|Any CPU
		{DF3069E3-2135-F99A-FF7D-5B0E31F066FB}.Debug|Any CPU.ActiveCfg = Debug|Any CPU
		{DF3069E3-2135-F99A-FF7D-5B0E31F066FB}.Debug|Any CPU.Build.0 = Debug|Any CPU
		{DF3069E3-2135-F99A-FF7D-5B0E31F066FB}.Release|Any CPU.ActiveCfg = Release|Any CPU
		{DF3069E3-2135-F99A-FF7D-5B0E31F066FB}.Release|Any CPU.Build.0 = Release|Any CPU
		{81B57445-3B6A-EF70-1A0C-06C0C51922CE}.Debug|Any CPU.ActiveCfg = Debug|Any CPU
		{81B57445-3B6A-EF70-1A0C-06C0C51922CE}.Debug|Any CPU.Build.0 = Debug|Any CPU
		{81B57445-3B6A-EF70-1A0C-06C0C51922CE}.Release|Any CPU.ActiveCfg = Release|Any CPU
		{81B57445-3B6A-EF70-1A0C-06C0C51922CE}.Release|Any CPU.Build.0 = Release|Any CPU
		{AB80C6C9-9BF6-AB20-134F-FEB98DC8BCF1}.Debug|Any CPU.ActiveCfg = Debug|Any CPU
		{AB80C6C9-9BF6-AB20-134F-FEB98DC8BCF1}.Debug|Any CPU.Build.0 = Debug|Any CPU
		{AB80C6C9-9BF6-AB20-134F-FEB98DC8BCF1}.Release|Any CPU.ActiveCfg = Release|Any CPU
		{AB80C6C9-9BF6-AB20-134F-FEB98DC8BCF1}.Release|Any CPU.Build.0 = Release|Any CPU
		{758E568A-5DD8-8891-EF6D-21C3E2DE197C}.Debug|Any CPU.ActiveCfg = Debug|Any CPU
		{758E568A-5DD8-8891-EF6D-21C3E2DE197C}.Debug|Any CPU.Build.0 = Debug|Any CPU
		{758E568A-5DD8-8891-EF6D-21C3E2DE197C}.Release|Any CPU.ActiveCfg = Release|Any CPU
		{758E568A-5DD8-8891-EF6D-21C3E2DE197C}.Release|Any CPU.Build.0 = Release|Any CPU
		{CBA58E87-2302-2BF1-836A-502C317FEB0E}.Debug|Any CPU.ActiveCfg = Debug|Any CPU
		{CBA58E87-2302-2BF1-836A-502C317FEB0E}.Debug|Any CPU.Build.0 = Debug|Any CPU
		{CBA58E87-2302-2BF1-836A-502C317FEB0E}.Release|Any CPU.ActiveCfg = Release|Any CPU
		{CBA58E87-2302-2BF1-836A-502C317FEB0E}.Release|Any CPU.Build.0 = Release|Any CPU
		{A869BA7E-54A7-E708-B161-1CBC4BB823EE}.Debug|Any CPU.ActiveCfg = Debug|Any CPU
		{A869BA7E-54A7-E708-B161-1CBC4BB823EE}.Debug|Any CPU.Build.0 = Debug|Any CPU
		{A869BA7E-54A7-E708-B161-1CBC4BB823EE}.Release|Any CPU.ActiveCfg = Release|Any CPU
		{A869BA7E-54A7-E708-B161-1CBC4BB823EE}.Release|Any CPU.Build.0 = Release|Any CPU
		{6A3342BE-DC2C-902A-61CB-29D2285ECB83}.Debug|Any CPU.ActiveCfg = Debug|Any CPU
		{6A3342BE-DC2C-902A-61CB-29D2285ECB83}.Debug|Any CPU.Build.0 = Debug|Any CPU
		{6A3342BE-DC2C-902A-61CB-29D2285ECB83}.Release|Any CPU.ActiveCfg = Release|Any CPU
		{6A3342BE-DC2C-902A-61CB-29D2285ECB83}.Release|Any CPU.Build.0 = Release|Any CPU
		{4A1BCF3B-665D-7A0F-33F1-1BA7A0AF1A4E}.Debug|Any CPU.ActiveCfg = Debug|Any CPU
		{4A1BCF3B-665D-7A0F-33F1-1BA7A0AF1A4E}.Debug|Any CPU.Build.0 = Debug|Any CPU
		{4A1BCF3B-665D-7A0F-33F1-1BA7A0AF1A4E}.Release|Any CPU.ActiveCfg = Release|Any CPU
		{4A1BCF3B-665D-7A0F-33F1-1BA7A0AF1A4E}.Release|Any CPU.Build.0 = Release|Any CPU
		{AD982F42-885B-CD22-2EB3-4531C25ADB7E}.Debug|Any CPU.ActiveCfg = Debug|Any CPU
		{AD982F42-885B-CD22-2EB3-4531C25ADB7E}.Debug|Any CPU.Build.0 = Debug|Any CPU
		{AD982F42-885B-CD22-2EB3-4531C25ADB7E}.Release|Any CPU.ActiveCfg = Release|Any CPU
		{AD982F42-885B-CD22-2EB3-4531C25ADB7E}.Release|Any CPU.Build.0 = Release|Any CPU
		{114F1D03-1C49-835A-47CF-1AA79480F3A3}.Debug|Any CPU.ActiveCfg = Debug|Any CPU
		{114F1D03-1C49-835A-47CF-1AA79480F3A3}.Debug|Any CPU.Build.0 = Debug|Any CPU
		{114F1D03-1C49-835A-47CF-1AA79480F3A3}.Release|Any CPU.ActiveCfg = Release|Any CPU
		{114F1D03-1C49-835A-47CF-1AA79480F3A3}.Release|Any CPU.Build.0 = Release|Any CPU
		{AA6E04DB-2346-5C78-F70D-2801A24458FB}.Debug|Any CPU.ActiveCfg = Debug|Any CPU
		{AA6E04DB-2346-5C78-F70D-2801A24458FB}.Debug|Any CPU.Build.0 = Debug|Any CPU
		{AA6E04DB-2346-5C78-F70D-2801A24458FB}.Release|Any CPU.ActiveCfg = Release|Any CPU
		{AA6E04DB-2346-5C78-F70D-2801A24458FB}.Release|Any CPU.Build.0 = Release|Any CPU
		{C59F4CD0-DD5C-A243-60BE-C998E89E08C5}.Debug|Any CPU.ActiveCfg = Debug|Any CPU
		{C59F4CD0-DD5C-A243-60BE-C998E89E08C5}.Debug|Any CPU.Build.0 = Debug|Any CPU
		{C59F4CD0-DD5C-A243-60BE-C998E89E08C5}.Release|Any CPU.ActiveCfg = Release|Any CPU
		{C59F4CD0-DD5C-A243-60BE-C998E89E08C5}.Release|Any CPU.Build.0 = Release|Any CPU
		{5DA8E8E4-ACA4-12F6-467D-BFF3B762C14A}.Debug|Any CPU.ActiveCfg = Debug|Any CPU
		{5DA8E8E4-ACA4-12F6-467D-BFF3B762C14A}.Debug|Any CPU.Build.0 = Debug|Any CPU
		{5DA8E8E4-ACA4-12F6-467D-BFF3B762C14A}.Release|Any CPU.ActiveCfg = Release|Any CPU
		{5DA8E8E4-ACA4-12F6-467D-BFF3B762C14A}.Release|Any CPU.Build.0 = Release|Any CPU
		{5BD4CC19-7375-9266-DCB5-1E81CC32F643}.Debug|Any CPU.ActiveCfg = Debug|Any CPU
		{5BD4CC19-7375-9266-DCB5-1E81CC32F643}.Debug|Any CPU.Build.0 = Debug|Any CPU
		{5BD4CC19-7375-9266-DCB5-1E81CC32F643}.Release|Any CPU.ActiveCfg = Release|Any CPU
		{5BD4CC19-7375-9266-DCB5-1E81CC32F643}.Release|Any CPU.Build.0 = Release|Any CPU
		{8300C7AA-6DAC-B9E6-ADD7-BD4B7662987B}.Debug|Any CPU.ActiveCfg = Debug|Any CPU
		{8300C7AA-6DAC-B9E6-ADD7-BD4B7662987B}.Debug|Any CPU.Build.0 = Debug|Any CPU
		{8300C7AA-6DAC-B9E6-ADD7-BD4B7662987B}.Release|Any CPU.ActiveCfg = Release|Any CPU
		{8300C7AA-6DAC-B9E6-ADD7-BD4B7662987B}.Release|Any CPU.Build.0 = Release|Any CPU
		{8A53A51A-C52D-B3F1-0BD0-956F07530649}.Debug|Any CPU.ActiveCfg = Debug|Any CPU
		{8A53A51A-C52D-B3F1-0BD0-956F07530649}.Debug|Any CPU.Build.0 = Debug|Any CPU
		{8A53A51A-C52D-B3F1-0BD0-956F07530649}.Release|Any CPU.ActiveCfg = Release|Any CPU
		{8A53A51A-C52D-B3F1-0BD0-956F07530649}.Release|Any CPU.Build.0 = Release|Any CPU
		{630DB2AF-5769-16EE-C75F-1F6BEB24589B}.Debug|Any CPU.ActiveCfg = Debug|Any CPU
		{630DB2AF-5769-16EE-C75F-1F6BEB24589B}.Debug|Any CPU.Build.0 = Debug|Any CPU
		{630DB2AF-5769-16EE-C75F-1F6BEB24589B}.Release|Any CPU.ActiveCfg = Release|Any CPU
		{630DB2AF-5769-16EE-C75F-1F6BEB24589B}.Release|Any CPU.Build.0 = Release|Any CPU
		{B9ADF2D8-096E-2DC6-A7EE-C5901EA24B01}.Debug|Any CPU.ActiveCfg = Debug|Any CPU
		{B9ADF2D8-096E-2DC6-A7EE-C5901EA24B01}.Debug|Any CPU.Build.0 = Debug|Any CPU
		{B9ADF2D8-096E-2DC6-A7EE-C5901EA24B01}.Release|Any CPU.ActiveCfg = Release|Any CPU
		{B9ADF2D8-096E-2DC6-A7EE-C5901EA24B01}.Release|Any CPU.Build.0 = Release|Any CPU
		{685C2C35-8CDA-9FA2-0644-9B7B7811B48A}.Debug|Any CPU.ActiveCfg = Debug|Any CPU
		{685C2C35-8CDA-9FA2-0644-9B7B7811B48A}.Debug|Any CPU.Build.0 = Debug|Any CPU
		{685C2C35-8CDA-9FA2-0644-9B7B7811B48A}.Release|Any CPU.ActiveCfg = Release|Any CPU
		{685C2C35-8CDA-9FA2-0644-9B7B7811B48A}.Release|Any CPU.Build.0 = Release|Any CPU
	EndGlobalSection
	GlobalSection(SolutionProperties) = preSolution
		HideSolutionNode = FALSE
	EndGlobalSection
EndGlobal
